{
  "name": "tmp",
  "version": "1.0.0",
  "lockfileVersion": 3,
  "requires": true,
  "packages": {
    "": {
      "name": "tmp",
      "version": "1.0.0",
      "license": "ISC",
      "workspaces": [
        "packages/*"
      ]
    },
    "node_modules/pkg1": {
      "resolved": "packages/pkg1",
      "link": true
    },
    "packages/pkg1": {
      "version": "1.0.0",
      "license": "ISC"
    }
  }
}
